# This file is automatically @generated by Cargo.
# It is not intended for manual editing.
version = 3

[[package]]
name = "definitions"
version = "0.1.0"

[[package]]
name = "event-processor"
version = "0.1.0"

[[package]]
name = "message-broker"
version = "0.1.0"

[[package]]
name = "quests_server"
version = "0.1.0"
dependencies = [
 "definitions",
]
